
Microsoft Visual Studio Solution File, Format Version 12.00
# Visual Studio Version 17
VisualStudioVersion = 17.14.36127.28 d17.14
MinimumVisualStudioVersion = 10.0.40219.1
Project("{FAE04EC0-301F-11D3-BF4B-00C04F79EFBC}") = "VideoTrackerPresentationLayer", "VideoTrackerPresentationLayer\VideoTrackerPresentationLayer.csproj", "{AD1C2E2F-9083-4BAB-8F88-609F071F2FDC}"
EndProject
Project("{FAE04EC0-301F-11D3-BF4B-00C04F79EFBC}") = "VideoTrackerDataAccessLayer", "VideoTrackerDataAccessLayer\VideoTrackerDataAccessLayer.csproj", "{D898994B-14E8-473A-AD40-9405875E7DC3}"
EndProject
Project("{FAE04EC0-301F-11D3-BF4B-00C04F79EFBC}") = "VideoTrackerBusinessLayer", "VideoTrackerBusinessLayer\VideoTrackerBusinessLayer.csproj", "{7DE8B28A-E2C9-4AB9-97C1-4C0FB700A1C1}"
EndProject
Global
	GlobalSection(SolutionConfigurationPlatforms) = preSolution
		Debug|Any CPU = Debug|Any CPU
		Release|Any CPU = Release|Any CPU
	EndGlobalSection
	GlobalSection(ProjectConfigurationPlatforms) = postSolution
		{AD1C2E2F-9083-4BAB-8F88-609F071F2FDC}.Debug|Any CPU.ActiveCfg = Debug|Any CPU
		{AD1C2E2F-9083-4BAB-8F88-609F071F2FDC}.Debug|Any CPU.Build.0 = Debug|Any CPU
		{AD1C2E2F-9083-4BAB-8F88-609F071F2FDC}.Release|Any CPU.ActiveCfg = Release|Any CPU
		{AD1C2E2F-9083-4BAB-8F88-609F071F2FDC}.Release|Any CPU.Build.0 = Release|Any CPU
		{D898994B-14E8-473A-AD40-9405875E7DC3}.Debug|Any CPU.ActiveCfg = Debug|Any CPU
		{D898994B-14E8-473A-AD40-9405875E7DC3}.Debug|Any CPU.Build.0 = Debug|Any CPU
		{D898994B-14E8-473A-AD40-9405875E7DC3}.Release|Any CPU.ActiveCfg = Release|Any CPU
		{D898994B-14E8-473A-AD40-9405875E7DC3}.Release|Any CPU.Build.0 = Release|Any CPU
		{7DE8B28A-E2C9-4AB9-97C1-4C0FB700A1C1}.Debug|Any CPU.ActiveCfg = Debug|Any CPU
		{7DE8B28A-E2C9-4AB9-97C1-4C0FB700A1C1}.Debug|Any CPU.Build.0 = Debug|Any CPU
		{7DE8B28A-E2C9-4AB9-97C1-4C0FB700A1C1}.Release|Any CPU.ActiveCfg = Release|Any CPU
		{7DE8B28A-E2C9-4AB9-97C1-4C0FB700A1C1}.Release|Any CPU.Build.0 = Release|Any CPU
	EndGlobalSection
	GlobalSection(SolutionProperties) = preSolution
		HideSolutionNode = FALSE
	EndGlobalSection
	GlobalSection(ExtensibilityGlobals) = postSolution
		SolutionGuid = {EE20BBB2-32C5-4D6F-9707-92E4D70B527C}
	EndGlobalSection
EndGlobal
